
Microsoft Visual Studio Solution File, Format Version 12.00
# Visual Studio Version 17
VisualStudioVersion = 17.4.33403.182
MinimumVisualStudioVersion = 10.0.40219.1
Project("{FAE04EC0-301F-11D3-BF4B-00C04F79EFBC}") = "Coursera", "Coursera\Coursera.csproj", "{70288387-B672-42BE-B241-916D5208CD5C}"
EndProject
Global
	GlobalSection(SolutionConfigurationPlatforms) = preSolution
		Debug|Any CPU = Debug|Any CPU
		Release|Any CPU = Release|Any CPU
	EndGlobalSection
	GlobalSection(ProjectConfigurationPlatforms) = postSolution
		{70288387-B672-42BE-B241-916D5208CD5C}.Debug|Any CPU.ActiveCfg = Debug|Any CPU
		{70288387-B672-42BE-B241-916D5208CD5C}.Debug|Any CPU.Build.0 = Debug|Any CPU
		{70288387-B672-42BE-B241-916D5208CD5C}.Release|Any CPU.ActiveCfg = Release|Any CPU
		{70288387-B672-42BE-B241-916D5208CD5C}.Release|Any CPU.Build.0 = Release|Any CPU
	EndGlobalSection
	GlobalSection(SolutionProperties) = preSolution
		HideSolutionNode = FALSE
	EndGlobalSection
	GlobalSection(ExtensibilityGlobals) = postSolution
		SolutionGuid = {EF540439-9F38-49E8-AD8F-18A85CFAD518}
	EndGlobalSection
EndGlobal
